uuid: a6b935b6-5798-44c9-b0ef-ef0146a1a394
langcode: en
status: true
dependencies:
  module:
    - hcpss_school
  theme:
    - equity
id: footerblock
theme: equity
region: footer
weight: 0
provider: null
plugin: footer_block
settings:
  id: footer_block
  label: 'Footer block'
  label_display: '0'
  provider: hcpss_school
visibility: {  }
